
Microsoft Visual Studio Solution File, Format Version 12.00
# Visual Studio Version 17
VisualStudioVersion = 17.0.31903.59
MinimumVisualStudioVersion = 10.0.40219.1
Project("{2150E333-8FDC-42A3-9474-1A3956D46DE8}") = "src", "src", "{827E0CD3-B72D-47B6-A68D-7590B98EB39B}"
EndProject
Project("{FAE04EC0-301F-11D3-BF4B-00C04F79EFBC}") = "StateKernel.Benchmarks", "src\StateKernel.Benchmarks\StateKernel.Benchmarks.csproj", "{83ECE93E-1828-4389-A69B-D9620FEB0E0A}"
EndProject
Project("{FAE04EC0-301F-11D3-BF4B-00C04F79EFBC}") = "StateKernel.ControlApi", "src\StateKernel.ControlApi\StateKernel.ControlApi.csproj", "{77F95C5D-7ACE-4099-BCCB-9A89EB778A1D}"
EndProject
Project("{FAE04EC0-301F-11D3-BF4B-00C04F79EFBC}") = "StateKernel.Domain", "src\StateKernel.Domain\StateKernel.Domain.csproj", "{915C33CD-8484-4247-8591-65E87032AFDC}"
EndProject
Project("{FAE04EC0-301F-11D3-BF4B-00C04F79EFBC}") = "StateKernel.NodeSet", "src\StateKernel.NodeSet\StateKernel.NodeSet.csproj", "{A7DE69C0-B86A-4CB7-A6FC-737AD2400162}"
EndProject
Project("{FAE04EC0-301F-11D3-BF4B-00C04F79EFBC}") = "StateKernel.Observability", "src\StateKernel.Observability\StateKernel.Observability.csproj", "{B84EC4EB-9812-405A-93A6-FF6FC7B2FF93}"
EndProject
Project("{FAE04EC0-301F-11D3-BF4B-00C04F79EFBC}") = "StateKernel.ProjectBundles", "src\StateKernel.ProjectBundles\StateKernel.ProjectBundles.csproj", "{E0F38758-29F0-4DA8-917E-FF4637A6E84F}"
EndProject
Project("{FAE04EC0-301F-11D3-BF4B-00C04F79EFBC}") = "StateKernel.ProjectModel", "src\StateKernel.ProjectModel\StateKernel.ProjectModel.csproj", "{B7FE2C32-60CA-428E-8ED1-68A7D2A2517B}"
EndProject
Project("{FAE04EC0-301F-11D3-BF4B-00C04F79EFBC}") = "StateKernel.Runtime.Abstractions", "src\StateKernel.Runtime.Abstractions\StateKernel.Runtime.Abstractions.csproj", "{74698615-0888-49B7-A4C1-C9547416B78D}"
EndProject
Project("{FAE04EC0-301F-11D3-BF4B-00C04F79EFBC}") = "StateKernel.Runtime.UaNet", "src\StateKernel.Runtime.UaNet\StateKernel.Runtime.UaNet.csproj", "{86089957-7269-461F-92E9-7701D6176B64}"
EndProject
Project("{FAE04EC0-301F-11D3-BF4B-00C04F79EFBC}") = "StateKernel.RuntimeHost", "src\StateKernel.RuntimeHost\StateKernel.RuntimeHost.csproj", "{E7736E39-34BB-461C-80A1-2D0C69B3FC02}"
EndProject
Project("{FAE04EC0-301F-11D3-BF4B-00C04F79EFBC}") = "StateKernel.Simulation", "src\StateKernel.Simulation\StateKernel.Simulation.csproj", "{4EF8E0D7-1D30-44E7-BD1A-E26330C4C362}"
EndProject
Project("{FAE04EC0-301F-11D3-BF4B-00C04F79EFBC}") = "StateKernel.Benchmarks.Tests", "tests\StateKernel.Benchmarks.Tests\StateKernel.Benchmarks.Tests.csproj", "{6494AC2C-187E-4350-ACA3-94967A4F8603}"
EndProject
Project("{FAE04EC0-301F-11D3-BF4B-00C04F79EFBC}") = "StateKernel.ControlApi.Tests", "tests\StateKernel.ControlApi.Tests\StateKernel.ControlApi.Tests.csproj", "{C7CA5BCF-E3C9-44F8-92FE-1ED29C2B9637}"
EndProject
Project("{FAE04EC0-301F-11D3-BF4B-00C04F79EFBC}") = "StateKernel.Domain.Tests", "tests\StateKernel.Domain.Tests\StateKernel.Domain.Tests.csproj", "{714101DF-80EA-48B3-BA6A-8BF4FA32AB83}"
EndProject
Project("{FAE04EC0-301F-11D3-BF4B-00C04F79EFBC}") = "StateKernel.IntegrationTests", "tests\StateKernel.IntegrationTests\StateKernel.IntegrationTests.csproj", "{89912C96-2059-45A5-9AF4-C26E3A6B981C}"
EndProject
Project("{FAE04EC0-301F-11D3-BF4B-00C04F79EFBC}") = "StateKernel.Runtime.Abstractions.Tests", "tests\StateKernel.Runtime.Abstractions.Tests\StateKernel.Runtime.Abstractions.Tests.csproj", "{2F1E06F1-C41A-4E6E-B188-89573E4A171C}"
EndProject
Project("{FAE04EC0-301F-11D3-BF4B-00C04F79EFBC}") = "StateKernel.Runtime.UaNet.Tests", "tests\StateKernel.Runtime.UaNet.Tests\StateKernel.Runtime.UaNet.Tests.csproj", "{491C7EF3-0549-4A85-BD35-35D3F939BF03}"
EndProject
Project("{FAE04EC0-301F-11D3-BF4B-00C04F79EFBC}") = "StateKernel.Simulation.Tests", "tests\StateKernel.Simulation.Tests\StateKernel.Simulation.Tests.csproj", "{039F043D-47AA-4483-924A-DA1E94B39815}"
EndProject
Global
	GlobalSection(SolutionConfigurationPlatforms) = preSolution
		Debug|Any CPU = Debug|Any CPU
		Debug|x64 = Debug|x64
		Debug|x86 = Debug|x86
		Release|Any CPU = Release|Any CPU
		Release|x64 = Release|x64
		Release|x86 = Release|x86
	EndGlobalSection
	GlobalSection(ProjectConfigurationPlatforms) = postSolution
		{83ECE93E-1828-4389-A69B-D9620FEB0E0A}.Debug|Any CPU.ActiveCfg = Debug|Any CPU
		{83ECE93E-1828-4389-A69B-D9620FEB0E0A}.Debug|Any CPU.Build.0 = Debug|Any CPU
		{83ECE93E-1828-4389-A69B-D9620FEB0E0A}.Debug|x64.ActiveCfg = Debug|Any CPU
		{83ECE93E-1828-4389-A69B-D9620FEB0E0A}.Debug|x64.Build.0 = Debug|Any CPU
		{83ECE93E-1828-4389-A69B-D9620FEB0E0A}.Debug|x86.ActiveCfg = Debug|Any CPU
		{83ECE93E-1828-4389-A69B-D9620FEB0E0A}.Debug|x86.Build.0 = Debug|Any CPU
		{83ECE93E-1828-4389-A69B-D9620FEB0E0A}.Release|Any CPU.ActiveCfg = Release|Any CPU
		{83ECE93E-1828-4389-A69B-D9620FEB0E0A}.Release|Any CPU.Build.0 = Release|Any CPU
		{83ECE93E-1828-4389-A69B-D9620FEB0E0A}.Release|x64.ActiveCfg = Release|Any CPU
		{83ECE93E-1828-4389-A69B-D9620FEB0E0A}.Release|x64.Build.0 = Release|Any CPU
		{83ECE93E-1828-4389-A69B-D9620FEB0E0A}.Release|x86.ActiveCfg = Release|Any CPU
		{83ECE93E-1828-4389-A69B-D9620FEB0E0A}.Release|x86.Build.0 = Release|Any CPU
		{77F95C5D-7ACE-4099-BCCB-9A89EB778A1D}.Debug|Any CPU.ActiveCfg = Debug|Any CPU
		{77F95C5D-7ACE-4099-BCCB-9A89EB778A1D}.Debug|Any CPU.Build.0 = Debug|Any CPU
		{77F95C5D-7ACE-4099-BCCB-9A89EB778A1D}.Debug|x64.ActiveCfg = Debug|Any CPU
		{77F95C5D-7ACE-4099-BCCB-9A89EB778A1D}.Debug|x64.Build.0 = Debug|Any CPU
		{77F95C5D-7ACE-4099-BCCB-9A89EB778A1D}.Debug|x86.ActiveCfg = Debug|Any CPU
		{77F95C5D-7ACE-4099-BCCB-9A89EB778A1D}.Debug|x86.Build.0 = Debug|Any CPU
		{77F95C5D-7ACE-4099-BCCB-9A89EB778A1D}.Release|Any CPU.ActiveCfg = Release|Any CPU
		{77F95C5D-7ACE-4099-BCCB-9A89EB778A1D}.Release|Any CPU.Build.0 = Release|Any CPU
		{77F95C5D-7ACE-4099-BCCB-9A89EB778A1D}.Release|x64.ActiveCfg = Release|Any CPU
		{77F95C5D-7ACE-4099-BCCB-9A89EB778A1D}.Release|x64.Build.0 = Release|Any CPU
		{77F95C5D-7ACE-4099-BCCB-9A89EB778A1D}.Release|x86.ActiveCfg = Release|Any CPU
		{77F95C5D-7ACE-4099-BCCB-9A89EB778A1D}.Release|x86.Build.0 = Release|Any CPU
		{915C33CD-8484-4247-8591-65E87032AFDC}.Debug|Any CPU.ActiveCfg = Debug|Any CPU
		{915C33CD-8484-4247-8591-65E87032AFDC}.Debug|Any CPU.Build.0 = Debug|Any CPU
		{915C33CD-8484-4247-8591-65E87032AFDC}.Debug|x64.ActiveCfg = Debug|Any CPU
		{915C33CD-8484-4247-8591-65E87032AFDC}.Debug|x64.Build.0 = Debug|Any CPU
		{915C33CD-8484-4247-8591-65E87032AFDC}.Debug|x86.ActiveCfg = Debug|Any CPU
		{915C33CD-8484-4247-8591-65E87032AFDC}.Debug|x86.Build.0 = Debug|Any CPU
		{915C33CD-8484-4247-8591-65E87032AFDC}.Release|Any CPU.ActiveCfg = Release|Any CPU
		{915C33CD-8484-4247-8591-65E87032AFDC}.Release|Any CPU.Build.0 = Release|Any CPU
		{915C33CD-8484-4247-8591-65E87032AFDC}.Release|x64.ActiveCfg = Release|Any CPU
		{915C33CD-8484-4247-8591-65E87032AFDC}.Release|x64.Build.0 = Release|Any CPU
		{915C33CD-8484-4247-8591-65E87032AFDC}.Release|x86.ActiveCfg = Release|Any CPU
		{915C33CD-8484-4247-8591-65E87032AFDC}.Release|x86.Build.0 = Release|Any CPU
		{A7DE69C0-B86A-4CB7-A6FC-737AD2400162}.Debug|Any CPU.ActiveCfg = Debug|Any CPU
		{A7DE69C0-B86A-4CB7-A6FC-737AD2400162}.Debug|Any CPU.Build.0 = Debug|Any CPU
		{A7DE69C0-B86A-4CB7-A6FC-737AD2400162}.Debug|x64.ActiveCfg = Debug|Any CPU
		{A7DE69C0-B86A-4CB7-A6FC-737AD2400162}.Debug|x64.Build.0 = Debug|Any CPU
		{A7DE69C0-B86A-4CB7-A6FC-737AD2400162}.Debug|x86.ActiveCfg = Debug|Any CPU
		{A7DE69C0-B86A-4CB7-A6FC-737AD2400162}.Debug|x86.Build.0 = Debug|Any CPU
		{A7DE69C0-B86A-4CB7-A6FC-737AD2400162}.Release|Any CPU.ActiveCfg = Release|Any CPU
		{A7DE69C0-B86A-4CB7-A6FC-737AD2400162}.Release|Any CPU.Build.0 = Release|Any CPU
		{A7DE69C0-B86A-4CB7-A6FC-737AD2400162}.Release|x64.ActiveCfg = Release|Any CPU
		{A7DE69C0-B86A-4CB7-A6FC-737AD2400162}.Release|x64.Build.0 = Release|Any CPU
		{A7DE69C0-B86A-4CB7-A6FC-737AD2400162}.Release|x86.ActiveCfg = Release|Any CPU
		{A7DE69C0-B86A-4CB7-A6FC-737AD2400162}.Release|x86.Build.0 = Release|Any CPU
		{B84EC4EB-9812-405A-93A6-FF6FC7B2FF93}.Debug|Any CPU.ActiveCfg = Debug|Any CPU
		{B84EC4EB-9812-405A-93A6-FF6FC7B2FF93}.Debug|Any CPU.Build.0 = Debug|Any CPU
		{B84EC4EB-9812-405A-93A6-FF6FC7B2FF93}.Debug|x64.ActiveCfg = Debug|Any CPU
		{B84EC4EB-9812-405A-93A6-FF6FC7B2FF93}.Debug|x64.Build.0 = Debug|Any CPU
		{B84EC4EB-9812-405A-93A6-FF6FC7B2FF93}.Debug|x86.ActiveCfg = Debug|Any CPU
		{B84EC4EB-9812-405A-93A6-FF6FC7B2FF93}.Debug|x86.Build.0 = Debug|Any CPU
		{B84EC4EB-9812-405A-93A6-FF6FC7B2FF93}.Release|Any CPU.ActiveCfg = Release|Any CPU
		{B84EC4EB-9812-405A-93A6-FF6FC7B2FF93}.Release|Any CPU.Build.0 = Release|Any CPU
		{B84EC4EB-9812-405A-93A6-FF6FC7B2FF93}.Release|x64.ActiveCfg = Release|Any CPU
		{B84EC4EB-9812-405A-93A6-FF6FC7B2FF93}.Release|x64.Build.0 = Release|Any CPU
		{B84EC4EB-9812-405A-93A6-FF6FC7B2FF93}.Release|x86.ActiveCfg = Release|Any CPU
		{B84EC4EB-9812-405A-93A6-FF6FC7B2FF93}.Release|x86.Build.0 = Release|Any CPU
		{E0F38758-29F0-4DA8-917E-FF4637A6E84F}.Debug|Any CPU.ActiveCfg = Debug|Any CPU
		{E0F38758-29F0-4DA8-917E-FF4637A6E84F}.Debug|Any CPU.Build.0 = Debug|Any CPU
		{E0F38758-29F0-4DA8-917E-FF4637A6E84F}.Debug|x64.ActiveCfg = Debug|Any CPU
		{E0F38758-29F0-4DA8-917E-FF4637A6E84F}.Debug|x64.Build.0 = Debug|Any CPU
		{E0F38758-29F0-4DA8-917E-FF4637A6E84F}.Debug|x86.ActiveCfg = Debug|Any CPU
		{E0F38758-29F0-4DA8-917E-FF4637A6E84F}.Debug|x86.Build.0 = Debug|Any CPU
		{E0F38758-29F0-4DA8-917E-FF4637A6E84F}.Release|Any CPU.ActiveCfg = Release|Any CPU
		{E0F38758-29F0-4DA8-917E-FF4637A6E84F}.Release|Any CPU.Build.0 = Release|Any CPU
		{E0F38758-29F0-4DA8-917E-FF4637A6E84F}.Release|x64.ActiveCfg = Release|Any CPU
		{E0F38758-29F0-4DA8-917E-FF4637A6E84F}.Release|x64.Build.0 = Release|Any CPU
		{E0F38758-29F0-4DA8-917E-FF4637A6E84F}.Release|x86.ActiveCfg = Release|Any CPU
		{E0F38758-29F0-4DA8-917E-FF4637A6E84F}.Release|x86.Build.0 = Release|Any CPU
		{B7FE2C32-60CA-428E-8ED1-68A7D2A2517B}.Debug|Any CPU.ActiveCfg = Debug|Any CPU
		{B7FE2C32-60CA-428E-8ED1-68A7D2A2517B}.Debug|Any CPU.Build.0 = Debug|Any CPU
		{B7FE2C32-60CA-428E-8ED1-68A7D2A2517B}.Debug|x64.ActiveCfg = Debug|Any CPU
		{B7FE2C32-60CA-428E-8ED1-68A7D2A2517B}.Debug|x64.Build.0 = Debug|Any CPU
		{B7FE2C32-60CA-428E-8ED1-68A7D2A2517B}.Debug|x86.ActiveCfg = Debug|Any CPU
		{B7FE2C32-60CA-428E-8ED1-68A7D2A2517B}.Debug|x86.Build.0 = Debug|Any CPU
		{B7FE2C32-60CA-428E-8ED1-68A7D2A2517B}.Release|Any CPU.ActiveCfg = Release|Any CPU
		{B7FE2C32-60CA-428E-8ED1-68A7D2A2517B}.Release|Any CPU.Build.0 = Release|Any CPU
		{B7FE2C32-60CA-428E-8ED1-68A7D2A2517B}.Release|x64.ActiveCfg = Release|Any CPU
		{B7FE2C32-60CA-428E-8ED1-68A7D2A2517B}.Release|x64.Build.0 = Release|Any CPU
		{B7FE2C32-60CA-428E-8ED1-68A7D2A2517B}.Release|x86.ActiveCfg = Release|Any CPU
		{B7FE2C32-60CA-428E-8ED1-68A7D2A2517B}.Release|x86.Build.0 = Release|Any CPU
		{74698615-0888-49B7-A4C1-C9547416B78D}.Debug|Any CPU.ActiveCfg = Debug|Any CPU
		{74698615-0888-49B7-A4C1-C9547416B78D}.Debug|Any CPU.Build.0 = Debug|Any CPU
		{74698615-0888-49B7-A4C1-C9547416B78D}.Debug|x64.ActiveCfg = Debug|Any CPU
		{74698615-0888-49B7-A4C1-C9547416B78D}.Debug|x64.Build.0 = Debug|Any CPU
		{74698615-0888-49B7-A4C1-C9547416B78D}.Debug|x86.ActiveCfg = Debug|Any CPU
		{74698615-0888-49B7-A4C1-C9547416B78D}.Debug|x86.Build.0 = Debug|Any CPU
		{74698615-0888-49B7-A4C1-C9547416B78D}.Release|Any CPU.ActiveCfg = Release|Any CPU
		{74698615-0888-49B7-A4C1-C9547416B78D}.Release|Any CPU.Build.0 = Release|Any CPU
		{74698615-0888-49B7-A4C1-C9547416B78D}.Release|x64.ActiveCfg = Release|Any CPU
		{74698615-0888-49B7-A4C1-C9547416B78D}.Release|x64.Build.0 = Release|Any CPU
		{74698615-0888-49B7-A4C1-C9547416B78D}.Release|x86.ActiveCfg = Release|Any CPU
		{74698615-0888-49B7-A4C1-C9547416B78D}.Release|x86.Build.0 = Release|Any CPU
		{86089957-7269-461F-92E9-7701D6176B64}.Debug|Any CPU.ActiveCfg = Debug|Any CPU
		{86089957-7269-461F-92E9-7701D6176B64}.Debug|Any CPU.Build.0 = Debug|Any CPU
		{86089957-7269-461F-92E9-7701D6176B64}.Debug|x64.ActiveCfg = Debug|Any CPU
		{86089957-7269-461F-92E9-7701D6176B64}.Debug|x64.Build.0 = Debug|Any CPU
		{86089957-7269-461F-92E9-7701D6176B64}.Debug|x86.ActiveCfg = Debug|Any CPU
		{86089957-7269-461F-92E9-7701D6176B64}.Debug|x86.Build.0 = Debug|Any CPU
		{86089957-7269-461F-92E9-7701D6176B64}.Release|Any CPU.ActiveCfg = Release|Any CPU
		{86089957-7269-461F-92E9-7701D6176B64}.Release|Any CPU.Build.0 = Release|Any CPU
		{86089957-7269-461F-92E9-7701D6176B64}.Release|x64.ActiveCfg = Release|Any CPU
		{86089957-7269-461F-92E9-7701D6176B64}.Release|x64.Build.0 = Release|Any CPU
		{86089957-7269-461F-92E9-7701D6176B64}.Release|x86.ActiveCfg = Release|Any CPU
		{86089957-7269-461F-92E9-7701D6176B64}.Release|x86.Build.0 = Release|Any CPU
		{E7736E39-34BB-461C-80A1-2D0C69B3FC02}.Debug|Any CPU.ActiveCfg = Debug|Any CPU
		{E7736E39-34BB-461C-80A1-2D0C69B3FC02}.Debug|Any CPU.Build.0 = Debug|Any CPU
		{E7736E39-34BB-461C-80A1-2D0C69B3FC02}.Debug|x64.ActiveCfg = Debug|Any CPU
		{E7736E39-34BB-461C-80A1-2D0C69B3FC02}.Debug|x64.Build.0 = Debug|Any CPU
		{E7736E39-34BB-461C-80A1-2D0C69B3FC02}.Debug|x86.ActiveCfg = Debug|Any CPU
		{E7736E39-34BB-461C-80A1-2D0C69B3FC02}.Debug|x86.Build.0 = Debug|Any CPU
		{E7736E39-34BB-461C-80A1-2D0C69B3FC02}.Release|Any CPU.ActiveCfg = Release|Any CPU
		{E7736E39-34BB-461C-80A1-2D0C69B3FC02}.Release|Any CPU.Build.0 = Release|Any CPU
		{E7736E39-34BB-461C-80A1-2D0C69B3FC02}.Release|x64.ActiveCfg = Release|Any CPU
		{E7736E39-34BB-461C-80A1-2D0C69B3FC02}.Release|x64.Build.0 = Release|Any CPU
		{E7736E39-34BB-461C-80A1-2D0C69B3FC02}.Release|x86.ActiveCfg = Release|Any CPU
		{E7736E39-34BB-461C-80A1-2D0C69B3FC02}.Release|x86.Build.0 = Release|Any CPU
		{4EF8E0D7-1D30-44E7-BD1A-E26330C4C362}.Debug|Any CPU.ActiveCfg = Debug|Any CPU
		{4EF8E0D7-1D30-44E7-BD1A-E26330C4C362}.Debug|Any CPU.Build.0 = Debug|Any CPU
		{4EF8E0D7-1D30-44E7-BD1A-E26330C4C362}.Debug|x64.ActiveCfg = Debug|Any CPU
		{4EF8E0D7-1D30-44E7-BD1A-E26330C4C362}.Debug|x64.Build.0 = Debug|Any CPU
		{4EF8E0D7-1D30-44E7-BD1A-E26330C4C362}.Debug|x86.ActiveCfg = Debug|Any CPU
		{4EF8E0D7-1D30-44E7-BD1A-E26330C4C362}.Debug|x86.Build.0 = Debug|Any CPU
		{4EF8E0D7-1D30-44E7-BD1A-E26330C4C362}.Release|Any CPU.ActiveCfg = Release|Any CPU
		{4EF8E0D7-1D30-44E7-BD1A-E26330C4C362}.Release|Any CPU.Build.0 = Release|Any CPU
		{4EF8E0D7-1D30-44E7-BD1A-E26330C4C362}.Release|x64.ActiveCfg = Release|Any CPU
		{4EF8E0D7-1D30-44E7-BD1A-E26330C4C362}.Release|x64.Build.0 = Release|Any CPU
		{4EF8E0D7-1D30-44E7-BD1A-E26330C4C362}.Release|x86.ActiveCfg = Release|Any CPU
		{4EF8E0D7-1D30-44E7-BD1A-E26330C4C362}.Release|x86.Build.0 = Release|Any CPU
		{6494AC2C-187E-4350-ACA3-94967A4F8603}.Debug|Any CPU.ActiveCfg = Debug|Any CPU
		{6494AC2C-187E-4350-ACA3-94967A4F8603}.Debug|Any CPU.Build.0 = Debug|Any CPU
		{6494AC2C-187E-4350-ACA3-94967A4F8603}.Debug|x64.ActiveCfg = Debug|Any CPU
		{6494AC2C-187E-4350-ACA3-94967A4F8603}.Debug|x64.Build.0 = Debug|Any CPU
		{6494AC2C-187E-4350-ACA3-94967A4F8603}.Debug|x86.ActiveCfg = Debug|Any CPU
		{6494AC2C-187E-4350-ACA3-94967A4F8603}.Debug|x86.Build.0 = Debug|Any CPU
		{6494AC2C-187E-4350-ACA3-94967A4F8603}.Release|Any CPU.ActiveCfg = Release|Any CPU
		{6494AC2C-187E-4350-ACA3-94967A4F8603}.Release|Any CPU.Build.0 = Release|Any CPU
		{6494AC2C-187E-4350-ACA3-94967A4F8603}.Release|x64.ActiveCfg = Release|Any CPU
		{6494AC2C-187E-4350-ACA3-94967A4F8603}.Release|x64.Build.0 = Release|Any CPU
		{6494AC2C-187E-4350-ACA3-94967A4F8603}.Release|x86.ActiveCfg = Release|Any CPU
		{6494AC2C-187E-4350-ACA3-94967A4F8603}.Release|x86.Build.0 = Release|Any CPU
		{C7CA5BCF-E3C9-44F8-92FE-1ED29C2B9637}.Debug|Any CPU.ActiveCfg = Debug|Any CPU
		{C7CA5BCF-E3C9-44F8-92FE-1ED29C2B9637}.Debug|Any CPU.Build.0 = Debug|Any CPU
		{C7CA5BCF-E3C9-44F8-92FE-1ED29C2B9637}.Debug|x64.ActiveCfg = Debug|Any CPU
		{C7CA5BCF-E3C9-44F8-92FE-1ED29C2B9637}.Debug|x64.Build.0 = Debug|Any CPU
		{C7CA5BCF-E3C9-44F8-92FE-1ED29C2B9637}.Debug|x86.ActiveCfg = Debug|Any CPU
		{C7CA5BCF-E3C9-44F8-92FE-1ED29C2B9637}.Debug|x86.Build.0 = Debug|Any CPU
		{C7CA5BCF-E3C9-44F8-92FE-1ED29C2B9637}.Release|Any CPU.ActiveCfg = Release|Any CPU
		{C7CA5BCF-E3C9-44F8-92FE-1ED29C2B9637}.Release|Any CPU.Build.0 = Release|Any CPU
		{C7CA5BCF-E3C9-44F8-92FE-1ED29C2B9637}.Release|x64.ActiveCfg = Release|Any CPU
		{C7CA5BCF-E3C9-44F8-92FE-1ED29C2B9637}.Release|x64.Build.0 = Release|Any CPU
		{C7CA5BCF-E3C9-44F8-92FE-1ED29C2B9637}.Release|x86.ActiveCfg = Release|Any CPU
		{C7CA5BCF-E3C9-44F8-92FE-1ED29C2B9637}.Release|x86.Build.0 = Release|Any CPU
		{714101DF-80EA-48B3-BA6A-8BF4FA32AB83}.Debug|Any CPU.ActiveCfg = Debug|Any CPU
		{714101DF-80EA-48B3-BA6A-8BF4FA32AB83}.Debug|Any CPU.Build.0 = Debug|Any CPU
		{714101DF-80EA-48B3-BA6A-8BF4FA32AB83}.Debug|x64.ActiveCfg = Debug|Any CPU
		{714101DF-80EA-48B3-BA6A-8BF4FA32AB83}.Debug|x64.Build.0 = Debug|Any CPU
		{714101DF-80EA-48B3-BA6A-8BF4FA32AB83}.Debug|x86.ActiveCfg = Debug|Any CPU
		{714101DF-80EA-48B3-BA6A-8BF4FA32AB83}.Debug|x86.Build.0 = Debug|Any CPU
		{714101DF-80EA-48B3-BA6A-8BF4FA32AB83}.Release|Any CPU.ActiveCfg = Release|Any CPU
		{714101DF-80EA-48B3-BA6A-8BF4FA32AB83}.Release|Any CPU.Build.0 = Release|Any CPU
		{714101DF-80EA-48B3-BA6A-8BF4FA32AB83}.Release|x64.ActiveCfg = Release|Any CPU
		{714101DF-80EA-48B3-BA6A-8BF4FA32AB83}.Release|x64.Build.0 = Release|Any CPU
		{714101DF-80EA-48B3-BA6A-8BF4FA32AB83}.Release|x86.ActiveCfg = Release|Any CPU
		{714101DF-80EA-48B3-BA6A-8BF4FA32AB83}.Release|x86.Build.0 = Release|Any CPU
		{89912C96-2059-45A5-9AF4-C26E3A6B981C}.Debug|Any CPU.ActiveCfg = Debug|Any CPU
		{89912C96-2059-45A5-9AF4-C26E3A6B981C}.Debug|Any CPU.Build.0 = Debug|Any CPU
		{89912C96-2059-45A5-9AF4-C26E3A6B981C}.Debug|x64.ActiveCfg = Debug|Any CPU
		{89912C96-2059-45A5-9AF4-C26E3A6B981C}.Debug|x64.Build.0 = Debug|Any CPU
		{89912C96-2059-45A5-9AF4-C26E3A6B981C}.Debug|x86.ActiveCfg = Debug|Any CPU
		{89912C96-2059-45A5-9AF4-C26E3A6B981C}.Debug|x86.Build.0 = Debug|Any CPU
		{89912C96-2059-45A5-9AF4-C26E3A6B981C}.Release|Any CPU.ActiveCfg = Release|Any CPU
		{89912C96-2059-45A5-9AF4-C26E3A6B981C}.Release|Any CPU.Build.0 = Release|Any CPU
		{89912C96-2059-45A5-9AF4-C26E3A6B981C}.Release|x64.ActiveCfg = Release|Any CPU
		{89912C96-2059-45A5-9AF4-C26E3A6B981C}.Release|x64.Build.0 = Release|Any CPU
		{89912C96-2059-45A5-9AF4-C26E3A6B981C}.Release|x86.ActiveCfg = Release|Any CPU
		{89912C96-2059-45A5-9AF4-C26E3A6B981C}.Release|x86.Build.0 = Release|Any CPU
		{2F1E06F1-C41A-4E6E-B188-89573E4A171C}.Debug|Any CPU.ActiveCfg = Debug|Any CPU
		{2F1E06F1-C41A-4E6E-B188-89573E4A171C}.Debug|Any CPU.Build.0 = Debug|Any CPU
		{2F1E06F1-C41A-4E6E-B188-89573E4A171C}.Debug|x64.ActiveCfg = Debug|Any CPU
		{2F1E06F1-C41A-4E6E-B188-89573E4A171C}.Debug|x64.Build.0 = Debug|Any CPU
		{2F1E06F1-C41A-4E6E-B188-89573E4A171C}.Debug|x86.ActiveCfg = Debug|Any CPU
		{2F1E06F1-C41A-4E6E-B188-89573E4A171C}.Debug|x86.Build.0 = Debug|Any CPU
		{2F1E06F1-C41A-4E6E-B188-89573E4A171C}.Release|Any CPU.ActiveCfg = Release|Any CPU
		{2F1E06F1-C41A-4E6E-B188-89573E4A171C}.Release|Any CPU.Build.0 = Release|Any CPU
		{2F1E06F1-C41A-4E6E-B188-89573E4A171C}.Release|x64.ActiveCfg = Release|Any CPU
		{2F1E06F1-C41A-4E6E-B188-89573E4A171C}.Release|x64.Build.0 = Release|Any CPU
		{2F1E06F1-C41A-4E6E-B188-89573E4A171C}.Release|x86.ActiveCfg = Release|Any CPU
		{2F1E06F1-C41A-4E6E-B188-89573E4A171C}.Release|x86.Build.0 = Release|Any CPU
		{491C7EF3-0549-4A85-BD35-35D3F939BF03}.Debug|Any CPU.ActiveCfg = Debug|Any CPU
		{491C7EF3-0549-4A85-BD35-35D3F939BF03}.Debug|Any CPU.Build.0 = Debug|Any CPU
		{491C7EF3-0549-4A85-BD35-35D3F939BF03}.Debug|x64.ActiveCfg = Debug|Any CPU
		{491C7EF3-0549-4A85-BD35-35D3F939BF03}.Debug|x64.Build.0 = Debug|Any CPU
		{491C7EF3-0549-4A85-BD35-35D3F939BF03}.Debug|x86.ActiveCfg = Debug|Any CPU
		{491C7EF3-0549-4A85-BD35-35D3F939BF03}.Debug|x86.Build.0 = Debug|Any CPU
		{491C7EF3-0549-4A85-BD35-35D3F939BF03}.Release|Any CPU.ActiveCfg = Release|Any CPU
		{491C7EF3-0549-4A85-BD35-35D3F939BF03}.Release|Any CPU.Build.0 = Release|Any CPU
		{491C7EF3-0549-4A85-BD35-35D3F939BF03}.Release|x64.ActiveCfg = Release|Any CPU
		{491C7EF3-0549-4A85-BD35-35D3F939BF03}.Release|x64.Build.0 = Release|Any CPU
		{491C7EF3-0549-4A85-BD35-35D3F939BF03}.Release|x86.ActiveCfg = Release|Any CPU
		{491C7EF3-0549-4A85-BD35-35D3F939BF03}.Release|x86.Build.0 = Release|Any CPU
		{039F043D-47AA-4483-924A-DA1E94B39815}.Debug|Any CPU.ActiveCfg = Debug|Any CPU
		{039F043D-47AA-4483-924A-DA1E94B39815}.Debug|Any CPU.Build.0 = Debug|Any CPU
		{039F043D-47AA-4483-924A-DA1E94B39815}.Debug|x64.ActiveCfg = Debug|Any CPU
		{039F043D-47AA-4483-924A-DA1E94B39815}.Debug|x64.Build.0 = Debug|Any CPU
		{039F043D-47AA-4483-924A-DA1E94B39815}.Debug|x86.ActiveCfg = Debug|Any CPU
		{039F043D-47AA-4483-924A-DA1E94B39815}.Debug|x86.Build.0 = Debug|Any CPU
		{039F043D-47AA-4483-924A-DA1E94B39815}.Release|Any CPU.ActiveCfg = Release|Any CPU
		{039F043D-47AA-4483-924A-DA1E94B39815}.Release|Any CPU.Build.0 = Release|Any CPU
		{039F043D-47AA-4483-924A-DA1E94B39815}.Release|x64.ActiveCfg = Release|Any CPU
		{039F043D-47AA-4483-924A-DA1E94B39815}.Release|x64.Build.0 = Release|Any CPU
		{039F043D-47AA-4483-924A-DA1E94B39815}.Release|x86.ActiveCfg = Release|Any CPU
		{039F043D-47AA-4483-924A-DA1E94B39815}.Release|x86.Build.0 = Release|Any CPU
	EndGlobalSection
	GlobalSection(SolutionProperties) = preSolution
		HideSolutionNode = FALSE
	EndGlobalSection
	GlobalSection(NestedProjects) = preSolution
		{83ECE93E-1828-4389-A69B-D9620FEB0E0A} = {827E0CD3-B72D-47B6-A68D-7590B98EB39B}
		{77F95C5D-7ACE-4099-BCCB-9A89EB778A1D} = {827E0CD3-B72D-47B6-A68D-7590B98EB39B}
		{915C33CD-8484-4247-8591-65E87032AFDC} = {827E0CD3-B72D-47B6-A68D-7590B98EB39B}
		{A7DE69C0-B86A-4CB7-A6FC-737AD2400162} = {827E0CD3-B72D-47B6-A68D-7590B98EB39B}
		{B84EC4EB-9812-405A-93A6-FF6FC7B2FF93} = {827E0CD3-B72D-47B6-A68D-7590B98EB39B}
		{E0F38758-29F0-4DA8-917E-FF4637A6E84F} = {827E0CD3-B72D-47B6-A68D-7590B98EB39B}
		{B7FE2C32-60CA-428E-8ED1-68A7D2A2517B} = {827E0CD3-B72D-47B6-A68D-7590B98EB39B}
		{74698615-0888-49B7-A4C1-C9547416B78D} = {827E0CD3-B72D-47B6-A68D-7590B98EB39B}
		{86089957-7269-461F-92E9-7701D6176B64} = {827E0CD3-B72D-47B6-A68D-7590B98EB39B}
		{E7736E39-34BB-461C-80A1-2D0C69B3FC02} = {827E0CD3-B72D-47B6-A68D-7590B98EB39B}
		{4EF8E0D7-1D30-44E7-BD1A-E26330C4C362} = {827E0CD3-B72D-47B6-A68D-7590B98EB39B}
		{6494AC2C-187E-4350-ACA3-94967A4F8603} = {827E0CD3-B72D-47B6-A68D-7590B98EB39B}
		{C7CA5BCF-E3C9-44F8-92FE-1ED29C2B9637} = {827E0CD3-B72D-47B6-A68D-7590B98EB39B}
		{714101DF-80EA-48B3-BA6A-8BF4FA32AB83} = {827E0CD3-B72D-47B6-A68D-7590B98EB39B}
		{89912C96-2059-45A5-9AF4-C26E3A6B981C} = {827E0CD3-B72D-47B6-A68D-7590B98EB39B}
		{2F1E06F1-C41A-4E6E-B188-89573E4A171C} = {827E0CD3-B72D-47B6-A68D-7590B98EB39B}
		{491C7EF3-0549-4A85-BD35-35D3F939BF03} = {827E0CD3-B72D-47B6-A68D-7590B98EB39B}
		{039F043D-47AA-4483-924A-DA1E94B39815} = {827E0CD3-B72D-47B6-A68D-7590B98EB39B}
	EndGlobalSection
EndGlobal
